{
  "name": "node-kv-storage",
  "version": "2.0.0",
  "lockfileVersion": 2,
  "requires": true,
  "packages": {
    "": {
      "version": "2.0.0",
      "license": "MIT",
      "dependencies": {
        "@types/node-persist": "^3.1.0",
        "node-persist": "^3.0.5",
        "typeson": "^5.18.2",
        "typeson-registry": "^1.0.0-alpha.38"
      },
      "engines": {
        "node": ">=10.18"
      }
    },
    "node_modules/@types/node": {
      "version": "14.14.17",
      "resolved": "https://registry.npmjs.org/@types/node/-/node-14.14.17.tgz",
      "integrity": "sha512-G0lD1/7qD60TJ/mZmhog76k7NcpLWkPVGgzkRy3CTlnFu4LUQh5v2Wa661z6vnXmD8EQrnALUyf0VRtrACYztw=="
    },
    "node_modules/@types/node-persist": {
      "version": "3.1.0",
      "resolved": "https://registry.npmjs.org/@types/node-persist/-/node-persist-3.1.0.tgz",
      "integrity": "sha512-PthI5IYq1N2HUYkC+CTrsoqbgVD5lRVWlpT1jUTmqPj11jP2hUDAyEn9ioTxDVp4y53PL89zhcTrwWIiUXAozA==",
      "dependencies": {
        "@types/node": "*"
      }
    },
    "node_modules/base64-arraybuffer-es6": {
      "version": "0.6.0",
      "resolved": "https://registry.npmjs.org/base64-arraybuffer-es6/-/base64-arraybuffer-es6-0.6.0.tgz",
      "integrity": "sha512-57nLqKj4ShsDwFJWJsM4sZx6u60WbCge35rWRSevUwqxDtRwwxiKAO800zD2upPv4CfdWjQp//wSLar35nDKvA==",
      "engines": {
        "node": ">=0.10.0"
      },
      "peerDependencies": {
        "core-js-bundle": "^3.6.5"
      }
    },
    "node_modules/core-js-bundle": {
      "version": "3.8.1",
      "resolved": "https://registry.npmjs.org/core-js-bundle/-/core-js-bundle-3.8.1.tgz",
      "integrity": "sha512-bkulwU0ZPkG9aZ79JCRL5ltTSvxP9YsKfyZ6ZpGolJ8BEDGK3BFPPmQ2LlWSuhSshcIxIQzArCSXBYacyGf+aQ==",
      "hasInstallScript": true,
      "peer": true,
      "funding": {
        "type": "opencollective",
        "url": "https://opencollective.com/core-js"
      }
    },
    "node_modules/lodash.sortby": {
      "version": "4.7.0",
      "resolved": "https://registry.npmjs.org/lodash.sortby/-/lodash.sortby-4.7.0.tgz",
      "integrity": "sha1-7dFMgk4sycHgsKG0K7UhBRakJDg="
    },
    "node_modules/minimist": {
      "version": "0.0.8",
      "resolved": "https://registry.npmjs.org/minimist/-/minimist-0.0.8.tgz",
      "integrity": "sha1-hX/Kv8M5fSYluCKCYuhqp6ARsF0="
    },
    "node_modules/node-persist": {
      "version": "3.0.5",
      "resolved": "https://registry.npmjs.org/node-persist/-/node-persist-3.0.5.tgz",
      "integrity": "sha512-zJmBA58kI9QAxXLMc4NLswgzXVIqKfsfQtiySMF6eEQ3kVvoM3YHzcP0//L9u30Fqx3cYe1FL/a+fyB3VwO/oQ==",
      "dependencies": {
        "mkdirp": "~0.5.1"
      }
    },
    "node_modules/node-persist/node_modules/mkdirp": {
      "version": "0.5.1",
      "resolved": "https://registry.npmjs.org/mkdirp/-/mkdirp-0.5.1.tgz",
      "integrity": "sha1-MAV0OOrGz3+MR2fzhkjWaX11yQM=",
      "dependencies": {
        "minimist": "0.0.8"
      },
      "bin": {
        "mkdirp": "bin/cmd.js"
      }
    },
    "node_modules/punycode": {
      "version": "2.1.1",
      "resolved": "https://registry.npmjs.org/punycode/-/punycode-2.1.1.tgz",
      "integrity": "sha512-XRsRjdf+j5ml+y/6GKHPZbrF/8p2Yga0JPtdqTIY2Xe5ohJPD9saDJJLPvp9+NSBprVvevdXZybnj2cv8OEd0A==",
      "engines": {
        "node": ">=6"
      }
    },
    "node_modules/regenerator-runtime": {
      "version": "0.13.7",
      "resolved": "https://registry.npmjs.org/regenerator-runtime/-/regenerator-runtime-0.13.7.tgz",
      "integrity": "sha512-a54FxoJDIr27pgf7IgeQGxmqUNYrcV338lf/6gH456HZ/PhX+5BcwHXG9ajESmwe6WRO0tAzRUrRmNONWgkrew==",
      "peer": true
    },
    "node_modules/tr46": {
      "version": "2.0.2",
      "resolved": "https://registry.npmjs.org/tr46/-/tr46-2.0.2.tgz",
      "integrity": "sha512-3n1qG+/5kg+jrbTzwAykB5yRYtQCTqOGKq5U5PE3b0a1/mzo6snDhjGS0zJVJunO0NrT3Dg1MLy5TjWP/UJppg==",
      "dependencies": {
        "punycode": "^2.1.1"
      },
      "engines": {
        "node": ">=8"
      }
    },
    "node_modules/typeson": {
      "version": "5.18.2",
      "resolved": "https://registry.npmjs.org/typeson/-/typeson-5.18.2.tgz",
      "integrity": "sha512-Vetd+OGX05P4qHyHiSLdHZ5Z5GuQDrHHwSdjkqho9NSCYVSLSfRMjklD/unpHH8tXBR9Z/R05rwJSuMpMFrdsw==",
      "engines": {
        "node": ">=0.1.14"
      },
      "peerDependencies": {
        "core-js-bundle": "^3.6.4",
        "regenerator-runtime": "^0.13.3"
      }
    },
    "node_modules/typeson-registry": {
      "version": "1.0.0-alpha.38",
      "resolved": "https://registry.npmjs.org/typeson-registry/-/typeson-registry-1.0.0-alpha.38.tgz",
      "integrity": "sha512-6lt2IhbNT9hyow5hljZqjWtVDXBIaC1X8bBGlBva0Pod2f42g23bVqww09ruquwSC48I8BSSCPi+B2dFHM5ihQ==",
      "dependencies": {
        "base64-arraybuffer-es6": "^0.6.0",
        "typeson": "^5.18.2",
        "whatwg-url": "^8.1.0"
      },
      "engines": {
        "node": ">=10.0.0"
      }
    },
    "node_modules/webidl-conversions": {
      "version": "6.1.0",
      "resolved": "https://registry.npmjs.org/webidl-conversions/-/webidl-conversions-6.1.0.tgz",
      "integrity": "sha512-qBIvFLGiBpLjfwmYAaHPXsn+ho5xZnGvyGvsarywGNc8VyQJUMHJ8OBKGGrPER0okBeMDaan4mNBlgBROxuI8w==",
      "engines": {
        "node": ">=10.4"
      }
    },
    "node_modules/whatwg-url": {
      "version": "8.4.0",
      "resolved": "https://registry.npmjs.org/whatwg-url/-/whatwg-url-8.4.0.tgz",
      "integrity": "sha512-vwTUFf6V4zhcPkWp/4CQPr1TW9Ml6SF4lVyaIMBdJw5i6qUUJ1QWM4Z6YYVkfka0OUIzVo/0aNtGVGk256IKWw==",
      "dependencies": {
        "lodash.sortby": "^4.7.0",
        "tr46": "^2.0.2",
        "webidl-conversions": "^6.1.0"
      },
      "engines": {
        "node": ">=10"
      }
    }
  },
  "dependencies": {
    "@types/node": {
      "version": "14.14.17",
      "resolved": "https://registry.npmjs.org/@types/node/-/node-14.14.17.tgz",
      "integrity": "sha512-G0lD1/7qD60TJ/mZmhog76k7NcpLWkPVGgzkRy3CTlnFu4LUQh5v2Wa661z6vnXmD8EQrnALUyf0VRtrACYztw=="
    },
    "@types/node-persist": {
      "version": "3.1.0",
      "resolved": "https://registry.npmjs.org/@types/node-persist/-/node-persist-3.1.0.tgz",
      "integrity": "sha512-PthI5IYq1N2HUYkC+CTrsoqbgVD5lRVWlpT1jUTmqPj11jP2hUDAyEn9ioTxDVp4y53PL89zhcTrwWIiUXAozA==",
      "requires": {
        "@types/node": "*"
      }
    },
    "base64-arraybuffer-es6": {
      "version": "0.6.0",
      "resolved": "https://registry.npmjs.org/base64-arraybuffer-es6/-/base64-arraybuffer-es6-0.6.0.tgz",
      "integrity": "sha512-57nLqKj4ShsDwFJWJsM4sZx6u60WbCge35rWRSevUwqxDtRwwxiKAO800zD2upPv4CfdWjQp//wSLar35nDKvA==",
      "requires": {}
    },
    "core-js-bundle": {
      "version": "3.8.1",
      "resolved": "https://registry.npmjs.org/core-js-bundle/-/core-js-bundle-3.8.1.tgz",
      "integrity": "sha512-bkulwU0ZPkG9aZ79JCRL5ltTSvxP9YsKfyZ6ZpGolJ8BEDGK3BFPPmQ2LlWSuhSshcIxIQzArCSXBYacyGf+aQ==",
      "peer": true
    },
    "lodash.sortby": {
      "version": "4.7.0",
      "resolved": "https://registry.npmjs.org/lodash.sortby/-/lodash.sortby-4.7.0.tgz",
      "integrity": "sha1-7dFMgk4sycHgsKG0K7UhBRakJDg="
    },
    "minimist": {
      "version": "0.0.8",
      "resolved": "https://registry.npmjs.org/minimist/-/minimist-0.0.8.tgz",
      "integrity": "sha1-hX/Kv8M5fSYluCKCYuhqp6ARsF0="
    },
    "node-persist": {
      "version": "3.0.5",
      "resolved": "https://registry.npmjs.org/node-persist/-/node-persist-3.0.5.tgz",
      "integrity": "sha512-zJmBA58kI9QAxXLMc4NLswgzXVIqKfsfQtiySMF6eEQ3kVvoM3YHzcP0//L9u30Fqx3cYe1FL/a+fyB3VwO/oQ==",
      "requires": {
        "mkdirp": "~0.5.1"
      },
      "dependencies": {
        "mkdirp": {
          "version": "0.5.1",
          "resolved": "https://registry.npmjs.org/mkdirp/-/mkdirp-0.5.1.tgz",
          "integrity": "sha1-MAV0OOrGz3+MR2fzhkjWaX11yQM=",
          "requires": {
            "minimist": "0.0.8"
          }
        }
      }
    },
    "punycode": {
      "version": "2.1.1",
      "resolved": "https://registry.npmjs.org/punycode/-/punycode-2.1.1.tgz",
      "integrity": "sha512-XRsRjdf+j5ml+y/6GKHPZbrF/8p2Yga0JPtdqTIY2Xe5ohJPD9saDJJLPvp9+NSBprVvevdXZybnj2cv8OEd0A=="
    },
    "regenerator-runtime": {
      "version": "0.13.7",
      "resolved": "https://registry.npmjs.org/regenerator-runtime/-/regenerator-runtime-0.13.7.tgz",
      "integrity": "sha512-a54FxoJDIr27pgf7IgeQGxmqUNYrcV338lf/6gH456HZ/PhX+5BcwHXG9ajESmwe6WRO0tAzRUrRmNONWgkrew==",
      "peer": true
    },
    "tr46": {
      "version": "2.0.2",
      "resolved": "https://registry.npmjs.org/tr46/-/tr46-2.0.2.tgz",
      "integrity": "sha512-3n1qG+/5kg+jrbTzwAykB5yRYtQCTqOGKq5U5PE3b0a1/mzo6snDhjGS0zJVJunO0NrT3Dg1MLy5TjWP/UJppg==",
      "requires": {
        "punycode": "^2.1.1"
      }
    },
    "typeson": {
      "version": "5.18.2",
      "resolved": "https://registry.npmjs.org/typeson/-/typeson-5.18.2.tgz",
      "integrity": "sha512-Vetd+OGX05P4qHyHiSLdHZ5Z5GuQDrHHwSdjkqho9NSCYVSLSfRMjklD/unpHH8tXBR9Z/R05rwJSuMpMFrdsw==",
      "requires": {}
    },
    "typeson-registry": {
      "version": "1.0.0-alpha.38",
      "resolved": "https://registry.npmjs.org/typeson-registry/-/typeson-registry-1.0.0-alpha.38.tgz",
      "integrity": "sha512-6lt2IhbNT9hyow5hljZqjWtVDXBIaC1X8bBGlBva0Pod2f42g23bVqww09ruquwSC48I8BSSCPi+B2dFHM5ihQ==",
      "requires": {
        "base64-arraybuffer-es6": "^0.6.0",
        "typeson": "^5.18.2",
        "whatwg-url": "^8.1.0"
      }
    },
    "webidl-conversions": {
      "version": "6.1.0",
      "resolved": "https://registry.npmjs.org/webidl-conversions/-/webidl-conversions-6.1.0.tgz",
      "integrity": "sha512-qBIvFLGiBpLjfwmYAaHPXsn+ho5xZnGvyGvsarywGNc8VyQJUMHJ8OBKGGrPER0okBeMDaan4mNBlgBROxuI8w=="
    },
    "whatwg-url": {
      "version": "8.4.0",
      "resolved": "https://registry.npmjs.org/whatwg-url/-/whatwg-url-8.4.0.tgz",
      "integrity": "sha512-vwTUFf6V4zhcPkWp/4CQPr1TW9Ml6SF4lVyaIMBdJw5i6qUUJ1QWM4Z6YYVkfka0OUIzVo/0aNtGVGk256IKWw==",
      "requires": {
        "lodash.sortby": "^4.7.0",
        "tr46": "^2.0.2",
        "webidl-conversions": "^6.1.0"
      }
    }
  }
}
